
Microsoft Visual Studio Solution File, Format Version 12.00
# Visual Studio Version 16
VisualStudioVersion = 16.0.31313.79
MinimumVisualStudioVersion = 10.0.40219.1
Project("{FAE04EC0-301F-11D3-BF4B-00C04F79EFBC}") = "diffie_hellman_key_exchange_client", "diffie_hellman_key_exchange_client\diffie_hellman_key_exchange_client.csproj", "{32FD0BA3-0AF0-4CDF-866D-796E094867B5}"
EndProject
Global
	GlobalSection(SolutionConfigurationPlatforms) = preSolution
		Debug|Any CPU = Debug|Any CPU
		Release|Any CPU = Release|Any CPU
	EndGlobalSection
	GlobalSection(ProjectConfigurationPlatforms) = postSolution
		{32FD0BA3-0AF0-4CDF-866D-796E094867B5}.Debug|Any CPU.ActiveCfg = Debug|Any CPU
		{32FD0BA3-0AF0-4CDF-866D-796E094867B5}.Debug|Any CPU.Build.0 = Debug|Any CPU
		{32FD0BA3-0AF0-4CDF-866D-796E094867B5}.Release|Any CPU.ActiveCfg = Release|Any CPU
		{32FD0BA3-0AF0-4CDF-866D-796E094867B5}.Release|Any CPU.Build.0 = Release|Any CPU
	EndGlobalSection
	GlobalSection(SolutionProperties) = preSolution
		HideSolutionNode = FALSE
	EndGlobalSection
	GlobalSection(ExtensibilityGlobals) = postSolution
		SolutionGuid = {B4FDBD94-5516-4AA4-9AA0-AB1057CC9B66}
	EndGlobalSection
EndGlobal
